
Microsoft Visual Studio Solution File, Format Version 12.00
# Visual Studio 15
VisualStudioVersion = 15.0.27004.2009
MinimumVisualStudioVersion = 10.0.40219.1
Project("{FAE04EC0-301F-11D3-BF4B-00C04F79EFBC}") = "DictEt.Android", "DictEt\DictEt.Android\DictEt.Android.csproj", "{7C7B3837-A641-4086-B918-FA75F0039321}"
EndProject
Project("{FAE04EC0-301F-11D3-BF4B-00C04F79EFBC}") = "DictEt", "DictEt\DictEt\DictEt.csproj", "{055D9399-BB84-4F14-9735-71A36D5CA7F4}"
EndProject
Project("{FAE04EC0-301F-11D3-BF4B-00C04F79EFBC}") = "ConsoleApp1", "ConsoleApp1\ConsoleApp1.csproj", "{919D9C46-0DFA-486C-B4BA-160E79AAB2FD}"
EndProject
Global
	GlobalSection(SolutionConfigurationPlatforms) = preSolution
		Ad-Hoc|Any CPU = Ad-Hoc|Any CPU
		Ad-Hoc|iPhone = Ad-Hoc|iPhone
		Ad-Hoc|iPhoneSimulator = Ad-Hoc|iPhoneSimulator
		AppStore|Any CPU = AppStore|Any CPU
		AppStore|iPhone = AppStore|iPhone
		AppStore|iPhoneSimulator = AppStore|iPhoneSimulator
		Debug|Any CPU = Debug|Any CPU
		Debug|iPhone = Debug|iPhone
		Debug|iPhoneSimulator = Debug|iPhoneSimulator
		Release|Any CPU = Release|Any CPU
		Release|iPhone = Release|iPhone
		Release|iPhoneSimulator = Release|iPhoneSimulator
	EndGlobalSection
	GlobalSection(ProjectConfigurationPlatforms) = postSolution
		{7C7B3837-A641-4086-B918-FA75F0039321}.Ad-Hoc|Any CPU.ActiveCfg = Release|Any CPU
		{7C7B3837-A641-4086-B918-FA75F0039321}.Ad-Hoc|Any CPU.Build.0 = Release|Any CPU
		{7C7B3837-A641-4086-B918-FA75F0039321}.Ad-Hoc|Any CPU.Deploy.0 = Release|Any CPU
		{7C7B3837-A641-4086-B918-FA75F0039321}.Ad-Hoc|iPhone.ActiveCfg = Release|Any CPU
		{7C7B3837-A641-4086-B918-FA75F0039321}.Ad-Hoc|iPhone.Build.0 = Release|Any CPU
		{7C7B3837-A641-4086-B918-FA75F0039321}.Ad-Hoc|iPhone.Deploy.0 = Release|Any CPU
		{7C7B3837-A641-4086-B918-FA75F0039321}.Ad-Hoc|iPhoneSimulator.ActiveCfg = Release|Any CPU
		{7C7B3837-A641-4086-B918-FA75F0039321}.Ad-Hoc|iPhoneSimulator.Build.0 = Release|Any CPU
		{7C7B3837-A641-4086-B918-FA75F0039321}.Ad-Hoc|iPhoneSimulator.Deploy.0 = Release|Any CPU
		{7C7B3837-A641-4086-B918-FA75F0039321}.AppStore|Any CPU.ActiveCfg = Release|Any CPU
		{7C7B3837-A641-4086-B918-FA75F0039321}.AppStore|Any CPU.Build.0 = Release|Any CPU
		{7C7B3837-A641-4086-B918-FA75F0039321}.AppStore|Any CPU.Deploy.0 = Release|Any CPU
		{7C7B3837-A641-4086-B918-FA75F0039321}.AppStore|iPhone.ActiveCfg = Release|Any CPU
		{7C7B3837-A641-4086-B918-FA75F0039321}.AppStore|iPhone.Build.0 = Release|Any CPU
		{7C7B3837-A641-4086-B918-FA75F0039321}.AppStore|iPhone.Deploy.0 = Release|Any CPU
		{7C7B3837-A641-4086-B918-FA75F0039321}.AppStore|iPhoneSimulator.ActiveCfg = Release|Any CPU
		{7C7B3837-A641-4086-B918-FA75F0039321}.AppStore|iPhoneSimulator.Build.0 = Release|Any CPU
		{7C7B3837-A641-4086-B918-FA75F0039321}.AppStore|iPhoneSimulator.Deploy.0 = Release|Any CPU
		{7C7B3837-A641-4086-B918-FA75F0039321}.Debug|Any CPU.ActiveCfg = Debug|Any CPU
		{7C7B3837-A641-4086-B918-FA75F0039321}.Debug|Any CPU.Build.0 = Debug|Any CPU
		{7C7B3837-A641-4086-B918-FA75F0039321}.Debug|Any CPU.Deploy.0 = Debug|Any CPU
		{7C7B3837-A641-4086-B918-FA75F0039321}.Debug|iPhone.ActiveCfg = Debug|Any CPU
		{7C7B3837-A641-4086-B918-FA75F0039321}.Debug|iPhone.Build.0 = Debug|Any CPU
		{7C7B3837-A641-4086-B918-FA75F0039321}.Debug|iPhone.Deploy.0 = Debug|Any CPU
		{7C7B3837-A641-4086-B918-FA75F0039321}.Debug|iPhoneSimulator.ActiveCfg = Debug|Any CPU
		{7C7B3837-A641-4086-B918-FA75F0039321}.Debug|iPhoneSimulator.Build.0 = Debug|Any CPU
		{7C7B3837-A641-4086-B918-FA75F0039321}.Debug|iPhoneSimulator.Deploy.0 = Debug|Any CPU
		{7C7B3837-A641-4086-B918-FA75F0039321}.Release|Any CPU.ActiveCfg = Release|Any CPU
		{7C7B3837-A641-4086-B918-FA75F0039321}.Release|Any CPU.Build.0 = Release|Any CPU
		{7C7B3837-A641-4086-B918-FA75F0039321}.Release|Any CPU.Deploy.0 = Release|Any CPU
		{7C7B3837-A641-4086-B918-FA75F0039321}.Release|iPhone.ActiveCfg = Release|Any CPU
		{7C7B3837-A641-4086-B918-FA75F0039321}.Release|iPhone.Build.0 = Release|Any CPU
		{7C7B3837-A641-4086-B918-FA75F0039321}.Release|iPhone.Deploy.0 = Release|Any CPU
		{7C7B3837-A641-4086-B918-FA75F0039321}.Release|iPhoneSimulator.ActiveCfg = Release|Any CPU
		{7C7B3837-A641-4086-B918-FA75F0039321}.Release|iPhoneSimulator.Build.0 = Release|Any CPU
		{7C7B3837-A641-4086-B918-FA75F0039321}.Release|iPhoneSimulator.Deploy.0 = Release|Any CPU
		{055D9399-BB84-4F14-9735-71A36D5CA7F4}.Ad-Hoc|Any CPU.ActiveCfg = Release|Any CPU
		{055D9399-BB84-4F14-9735-71A36D5CA7F4}.Ad-Hoc|Any CPU.Build.0 = Release|Any CPU
		{055D9399-BB84-4F14-9735-71A36D5CA7F4}.Ad-Hoc|iPhone.ActiveCfg = Release|Any CPU
		{055D9399-BB84-4F14-9735-71A36D5CA7F4}.Ad-Hoc|iPhone.Build.0 = Release|Any CPU
		{055D9399-BB84-4F14-9735-71A36D5CA7F4}.Ad-Hoc|iPhoneSimulator.ActiveCfg = Release|Any CPU
		{055D9399-BB84-4F14-9735-71A36D5CA7F4}.Ad-Hoc|iPhoneSimulator.Build.0 = Release|Any CPU
		{055D9399-BB84-4F14-9735-71A36D5CA7F4}.AppStore|Any CPU.ActiveCfg = Release|Any CPU
		{055D9399-BB84-4F14-9735-71A36D5CA7F4}.AppStore|Any CPU.Build.0 = Release|Any CPU
		{055D9399-BB84-4F14-9735-71A36D5CA7F4}.AppStore|iPhone.ActiveCfg = Release|Any CPU
		{055D9399-BB84-4F14-9735-71A36D5CA7F4}.AppStore|iPhone.Build.0 = Release|Any CPU
		{055D9399-BB84-4F14-9735-71A36D5CA7F4}.AppStore|iPhoneSimulator.ActiveCfg = Release|Any CPU
		{055D9399-BB84-4F14-9735-71A36D5CA7F4}.AppStore|iPhoneSimulator.Build.0 = Release|Any CPU
		{055D9399-BB84-4F14-9735-71A36D5CA7F4}.Debug|Any CPU.ActiveCfg = Debug|Any CPU
		{055D9399-BB84-4F14-9735-71A36D5CA7F4}.Debug|Any CPU.Build.0 = Debug|Any CPU
		{055D9399-BB84-4F14-9735-71A36D5CA7F4}.Debug|iPhone.ActiveCfg = Debug|Any CPU
		{055D9399-BB84-4F14-9735-71A36D5CA7F4}.Debug|iPhone.Build.0 = Debug|Any CPU
		{055D9399-BB84-4F14-9735-71A36D5CA7F4}.Debug|iPhoneSimulator.ActiveCfg = Debug|Any CPU
		{055D9399-BB84-4F14-9735-71A36D5CA7F4}.Debug|iPhoneSimulator.Build.0 = Debug|Any CPU
		{055D9399-BB84-4F14-9735-71A36D5CA7F4}.Release|Any CPU.ActiveCfg = Release|Any CPU
		{055D9399-BB84-4F14-9735-71A36D5CA7F4}.Release|Any CPU.Build.0 = Release|Any CPU
		{055D9399-BB84-4F14-9735-71A36D5CA7F4}.Release|iPhone.ActiveCfg = Release|Any CPU
		{055D9399-BB84-4F14-9735-71A36D5CA7F4}.Release|iPhone.Build.0 = Release|Any CPU
		{055D9399-BB84-4F14-9735-71A36D5CA7F4}.Release|iPhoneSimulator.ActiveCfg = Release|Any CPU
		{055D9399-BB84-4F14-9735-71A36D5CA7F4}.Release|iPhoneSimulator.Build.0 = Release|Any CPU
		{919D9C46-0DFA-486C-B4BA-160E79AAB2FD}.Ad-Hoc|Any CPU.ActiveCfg = Release|Any CPU
		{919D9C46-0DFA-486C-B4BA-160E79AAB2FD}.Ad-Hoc|Any CPU.Build.0 = Release|Any CPU
		{919D9C46-0DFA-486C-B4BA-160E79AAB2FD}.Ad-Hoc|iPhone.ActiveCfg = Release|Any CPU
		{919D9C46-0DFA-486C-B4BA-160E79AAB2FD}.Ad-Hoc|iPhone.Build.0 = Release|Any CPU
		{919D9C46-0DFA-486C-B4BA-160E79AAB2FD}.Ad-Hoc|iPhoneSimulator.ActiveCfg = Release|Any CPU
		{919D9C46-0DFA-486C-B4BA-160E79AAB2FD}.Ad-Hoc|iPhoneSimulator.Build.0 = Release|Any CPU
		{919D9C46-0DFA-486C-B4BA-160E79AAB2FD}.AppStore|Any CPU.ActiveCfg = Release|Any CPU
		{919D9C46-0DFA-486C-B4BA-160E79AAB2FD}.AppStore|Any CPU.Build.0 = Release|Any CPU
		{919D9C46-0DFA-486C-B4BA-160E79AAB2FD}.AppStore|iPhone.ActiveCfg = Release|Any CPU
		{919D9C46-0DFA-486C-B4BA-160E79AAB2FD}.AppStore|iPhone.Build.0 = Release|Any CPU
		{919D9C46-0DFA-486C-B4BA-160E79AAB2FD}.AppStore|iPhoneSimulator.ActiveCfg = Release|Any CPU
		{919D9C46-0DFA-486C-B4BA-160E79AAB2FD}.AppStore|iPhoneSimulator.Build.0 = Release|Any CPU
		{919D9C46-0DFA-486C-B4BA-160E79AAB2FD}.Debug|Any CPU.ActiveCfg = Debug|Any CPU
		{919D9C46-0DFA-486C-B4BA-160E79AAB2FD}.Debug|Any CPU.Build.0 = Debug|Any CPU
		{919D9C46-0DFA-486C-B4BA-160E79AAB2FD}.Debug|iPhone.ActiveCfg = Debug|Any CPU
		{919D9C46-0DFA-486C-B4BA-160E79AAB2FD}.Debug|iPhone.Build.0 = Debug|Any CPU
		{919D9C46-0DFA-486C-B4BA-160E79AAB2FD}.Debug|iPhoneSimulator.ActiveCfg = Debug|Any CPU
		{919D9C46-0DFA-486C-B4BA-160E79AAB2FD}.Debug|iPhoneSimulator.Build.0 = Debug|Any CPU
		{919D9C46-0DFA-486C-B4BA-160E79AAB2FD}.Release|Any CPU.ActiveCfg = Release|Any CPU
		{919D9C46-0DFA-486C-B4BA-160E79AAB2FD}.Release|Any CPU.Build.0 = Release|Any CPU
		{919D9C46-0DFA-486C-B4BA-160E79AAB2FD}.Release|iPhone.ActiveCfg = Release|Any CPU
		{919D9C46-0DFA-486C-B4BA-160E79AAB2FD}.Release|iPhone.Build.0 = Release|Any CPU
		{919D9C46-0DFA-486C-B4BA-160E79AAB2FD}.Release|iPhoneSimulator.ActiveCfg = Release|Any CPU
		{919D9C46-0DFA-486C-B4BA-160E79AAB2FD}.Release|iPhoneSimulator.Build.0 = Release|Any CPU
	EndGlobalSection
	GlobalSection(SolutionProperties) = preSolution
		HideSolutionNode = FALSE
	EndGlobalSection
	GlobalSection(ExtensibilityGlobals) = postSolution
		SolutionGuid = {8D80C711-1311-4ECB-8FBE-2A9E758D72C7}
	EndGlobalSection
EndGlobal
